
Microsoft Visual Studio Solution File, Format Version 12.00
# Visual Studio Version 17
VisualStudioVersion = 17.14.36811.4 d17.14
MinimumVisualStudioVersion = 10.0.40219.1
Project("{FAE04EC0-301F-11D3-BF4B-00C04F79EFBC}") = "Proacademy.API", "Proacademy.API\Proacademy.API.csproj", "{2D554CA7-2D8B-4CAF-A261-732830EF1873}"
EndProject
Project("{FAE04EC0-301F-11D3-BF4B-00C04F79EFBC}") = "Proacademy.Domain", "Proacademy.Domain\Proacademy.Domain.csproj", "{AA09C3CB-6CAB-4E8B-833D-335CCDED078F}"
EndProject
Project("{FAE04EC0-301F-11D3-BF4B-00C04F79EFBC}") = "Proacademy.Application", "Proacademy.Application\Proacademy.Application.csproj", "{E626D0DD-9253-45F4-B726-FD4E2AAF9861}"
EndProject
Project("{FAE04EC0-301F-11D3-BF4B-00C04F79EFBC}") = "Proacademy.Infrastructure", "Proacademy.Infrastructure\Proacademy.Infrastructure.csproj", "{1CEFC631-DA60-44BD-B64D-9CCAEB9ED944}"
EndProject
Global
	GlobalSection(SolutionConfigurationPlatforms) = preSolution
		Debug|Any CPU = Debug|Any CPU
		Release|Any CPU = Release|Any CPU
	EndGlobalSection
	GlobalSection(ProjectConfigurationPlatforms) = postSolution
		{2D554CA7-2D8B-4CAF-A261-732830EF1873}.Debug|Any CPU.ActiveCfg = Debug|Any CPU
		{2D554CA7-2D8B-4CAF-A261-732830EF1873}.Debug|Any CPU.Build.0 = Debug|Any CPU
		{2D554CA7-2D8B-4CAF-A261-732830EF1873}.Release|Any CPU.ActiveCfg = Release|Any CPU
		{2D554CA7-2D8B-4CAF-A261-732830EF1873}.Release|Any CPU.Build.0 = Release|Any CPU
		{AA09C3CB-6CAB-4E8B-833D-335CCDED078F}.Debug|Any CPU.ActiveCfg = Debug|Any CPU
		{AA09C3CB-6CAB-4E8B-833D-335CCDED078F}.Debug|Any CPU.Build.0 = Debug|Any CPU
		{AA09C3CB-6CAB-4E8B-833D-335CCDED078F}.Release|Any CPU.ActiveCfg = Release|Any CPU
		{AA09C3CB-6CAB-4E8B-833D-335CCDED078F}.Release|Any CPU.Build.0 = Release|Any CPU
		{E626D0DD-9253-45F4-B726-FD4E2AAF9861}.Debug|Any CPU.ActiveCfg = Debug|Any CPU
		{E626D0DD-9253-45F4-B726-FD4E2AAF9861}.Debug|Any CPU.Build.0 = Debug|Any CPU
		{E626D0DD-9253-45F4-B726-FD4E2AAF9861}.Release|Any CPU.ActiveCfg = Release|Any CPU
		{E626D0DD-9253-45F4-B726-FD4E2AAF9861}.Release|Any CPU.Build.0 = Release|Any CPU
		{1CEFC631-DA60-44BD-B64D-9CCAEB9ED944}.Debug|Any CPU.ActiveCfg = Debug|Any CPU
		{1CEFC631-DA60-44BD-B64D-9CCAEB9ED944}.Debug|Any CPU.Build.0 = Debug|Any CPU
		{1CEFC631-DA60-44BD-B64D-9CCAEB9ED944}.Release|Any CPU.ActiveCfg = Release|Any CPU
		{1CEFC631-DA60-44BD-B64D-9CCAEB9ED944}.Release|Any CPU.Build.0 = Release|Any CPU
	EndGlobalSection
	GlobalSection(SolutionProperties) = preSolution
		HideSolutionNode = FALSE
	EndGlobalSection
	GlobalSection(ExtensibilityGlobals) = postSolution
		SolutionGuid = {036490BD-6EAB-43E7-B022-A97C6E4EC48A}
	EndGlobalSection
EndGlobal
